
Microsoft Visual Studio Solution File, Format Version 12.00
# Visual Studio 2012
Project("{FAE04EC0-301F-11D3-BF4B-00C04F79EFBC}") = "Sankyo", "Sankyo\Sankyo.csproj", "{572C7186-9925-40EC-A3F1-1E4F86498A65}"
EndProject
Project("{FAE04EC0-301F-11D3-BF4B-00C04F79EFBC}") = "Domain", "Domain\Domain.csproj", "{6F1F6E5D-95FD-4DDB-A24F-EC758DD96D66}"
EndProject
Project("{FAE04EC0-301F-11D3-BF4B-00C04F79EFBC}") = "Sankyo.Admin", "Sankyo\Administration\Sankyo.Admin\Sankyo.Admin.csproj", "{0EDB6D0E-7CA0-4C08-978B-956B6D41F1DC}"
EndProject
Global
	GlobalSection(SolutionConfigurationPlatforms) = preSolution
		Debug|Any CPU = Debug|Any CPU
		Release|Any CPU = Release|Any CPU
	EndGlobalSection
	GlobalSection(ProjectConfigurationPlatforms) = postSolution
		{572C7186-9925-40EC-A3F1-1E4F86498A65}.Debug|Any CPU.ActiveCfg = Debug|Any CPU
		{572C7186-9925-40EC-A3F1-1E4F86498A65}.Debug|Any CPU.Build.0 = Debug|Any CPU
		{572C7186-9925-40EC-A3F1-1E4F86498A65}.Release|Any CPU.ActiveCfg = Release|Any CPU
		{572C7186-9925-40EC-A3F1-1E4F86498A65}.Release|Any CPU.Build.0 = Release|Any CPU
		{6F1F6E5D-95FD-4DDB-A24F-EC758DD96D66}.Debug|Any CPU.ActiveCfg = Debug|Any CPU
		{6F1F6E5D-95FD-4DDB-A24F-EC758DD96D66}.Debug|Any CPU.Build.0 = Debug|Any CPU
		{6F1F6E5D-95FD-4DDB-A24F-EC758DD96D66}.Release|Any CPU.ActiveCfg = Release|Any CPU
		{6F1F6E5D-95FD-4DDB-A24F-EC758DD96D66}.Release|Any CPU.Build.0 = Release|Any CPU
		{0EDB6D0E-7CA0-4C08-978B-956B6D41F1DC}.Debug|Any CPU.ActiveCfg = Debug|Any CPU
		{0EDB6D0E-7CA0-4C08-978B-956B6D41F1DC}.Debug|Any CPU.Build.0 = Debug|Any CPU
		{0EDB6D0E-7CA0-4C08-978B-956B6D41F1DC}.Release|Any CPU.ActiveCfg = Release|Any CPU
		{0EDB6D0E-7CA0-4C08-978B-956B6D41F1DC}.Release|Any CPU.Build.0 = Release|Any CPU
	EndGlobalSection
	GlobalSection(SolutionProperties) = preSolution
		HideSolutionNode = FALSE
	EndGlobalSection
EndGlobal
