
Microsoft Visual Studio Solution File, Format Version 9.00
# Visual Studio 2005
Project("{E24C65DC-7377-472B-9ABA-BC803B73C61A}") = "C:\...\Sample\", "Sample\", "{88A3DFB3-D7C1-44D5-9090-E8E7C4647CB1}"
	ProjectSection(WebsiteProperties) = preProject
		Debug.AspNetCompiler.VirtualPath = "/Sample"
		Debug.AspNetCompiler.PhysicalPath = "Sample\"
		Debug.AspNetCompiler.TargetPath = "PrecompiledWeb\Sample\"
		Debug.AspNetCompiler.Updateable = "true"
		Debug.AspNetCompiler.ForceOverwrite = "true"
		Debug.AspNetCompiler.FixedNames = "false"
		Debug.AspNetCompiler.Debug = "True"
		Release.AspNetCompiler.VirtualPath = "/Sample"
		Release.AspNetCompiler.PhysicalPath = "Sample\"
		Release.AspNetCompiler.TargetPath = "PrecompiledWeb\Sample\"
		Release.AspNetCompiler.Updateable = "true"
		Release.AspNetCompiler.ForceOverwrite = "true"
		Release.AspNetCompiler.FixedNames = "false"
		Release.AspNetCompiler.Debug = "False"
		VWDPort = "63107"
	EndProjectSection
EndProject
Global
	GlobalSection(SolutionConfigurationPlatforms) = preSolution
		Debug|.NET = Debug|.NET
	EndGlobalSection
	GlobalSection(ProjectConfigurationPlatforms) = postSolution
		{88A3DFB3-D7C1-44D5-9090-E8E7C4647CB1}.Debug|.NET.ActiveCfg = Debug|.NET
		{88A3DFB3-D7C1-44D5-9090-E8E7C4647CB1}.Debug|.NET.Build.0 = Debug|.NET
	EndGlobalSection
	GlobalSection(SolutionProperties) = preSolution
		HideSolutionNode = FALSE
	EndGlobalSection
EndGlobal
